
Microsoft Visual Studio Solution File, Format Version 12.00
# Visual Studio Version 17
VisualStudioVersion = 17.4.33103.184
MinimumVisualStudioVersion = 10.0.40219.1
Project("{FAE04EC0-301F-11D3-BF4B-00C04F79EFBC}") = "Comparission Project", "Comparission Project\Comparission Project.csproj", "{257CC611-A433-459D-AF52-72E45A72A994}"
EndProject
Global
	GlobalSection(SolutionConfigurationPlatforms) = preSolution
		Debug|Any CPU = Debug|Any CPU
		Release|Any CPU = Release|Any CPU
	EndGlobalSection
	GlobalSection(ProjectConfigurationPlatforms) = postSolution
		{257CC611-A433-459D-AF52-72E45A72A994}.Debug|Any CPU.ActiveCfg = Debug|Any CPU
		{257CC611-A433-459D-AF52-72E45A72A994}.Debug|Any CPU.Build.0 = Debug|Any CPU
		{257CC611-A433-459D-AF52-72E45A72A994}.Release|Any CPU.ActiveCfg = Release|Any CPU
		{257CC611-A433-459D-AF52-72E45A72A994}.Release|Any CPU.Build.0 = Release|Any CPU
	EndGlobalSection
	GlobalSection(SolutionProperties) = preSolution
		HideSolutionNode = FALSE
	EndGlobalSection
	GlobalSection(ExtensibilityGlobals) = postSolution
		SolutionGuid = {5F15C524-D1E4-46A0-A9E9-B84702748C99}
	EndGlobalSection
EndGlobal
